// !$*UTF8*$!
{
	archiveVersion = 1;
	classes = {
	};
	objectVersion = 50;
	objects = {

/* Begin PBXBuildFile section */
		FE40CA3124160B2700CDA486 /* main.cpp in Sources */ = {isa = PBXBuildFile; fileRef = FE40CA3024160B2700CDA486 /* main.cpp */; };
/* End PBXBuildFile section */

/* Begin PBXFileReference section */
		FE40CA2D24160B2700CDA486 /* Breakout */ = {isa = PBXFileReference; explicitFileType = "compiled.mach-o.executable"; includeInIndex = 0; path = Breakout; sourceTree = BUILT_PRODUCTS_DIR; };
		FE40CA3024160B2700CDA486 /* main.cpp */ = {isa = PBXFileReference; lastKnownFileType = sourcecode.cpp.cpp; path = main.cpp; sourceTree = "<group>"; };
		FE40CA3324160B2700CDA486 /* cute_image.jpg */ = {isa = PBXFileReference; lastKnownFileType = image.jpeg; name = cute_image.jpg; path = ../cute_image.jpg; sourceTree = "<group>"; };
		FE40CA3424160B2700CDA486 /* nice_music.ogg */ = {isa = PBXFileReference; lastKnownFileType = file; name = nice_music.ogg; path = ../nice_music.ogg; sourceTree = "<group>"; };
		FE40CA3524160B2700CDA486 /* sansation.ttf */ = {isa = PBXFileReference; lastKnownFileType = file; name = sansation.ttf; path = ../sansation.ttf; sourceTree = "<group>"; };
		FE40CA3624160B2700CDA486 /* icon.png */ = {isa = PBXFileReference; lastKnownFileType = image.png; name = icon.png; path = ../icon.png; sourceTree = "<group>"; };
/* End PBXFileReference section */

/* Begin PBXFrameworksBuildPhase section */
		FE40CA2B24160B2700CDA486 /* Frameworks */ = {
			isa = PBXFrameworksBuildPhase;
			buildActionMask = 2147483647;
			files = (
			);
			runOnlyForDeploymentPostprocessing = 0;
		};
/* End PBXFrameworksBuildPhase section */

/* Begin PBXGroup section */
		FE40CA2524160B2700CDA486 = {
			isa = PBXGroup;
			children = (
				FE40CA2F24160B2700CDA486 /* Breakout */,
				FE40CA2E24160B2700CDA486 /* Products */,
			);
			sourceTree = "<group>";
		};
		FE40CA2E24160B2700CDA486 /* Products */ = {
			isa = PBXGroup;
			children = (
				FE40CA2D24160B2700CDA486 /* Breakout */,
			);
			name = Products;
			sourceTree = "<group>";
		};
		FE40CA2F24160B2700CDA486 /* Breakout */ = {
			isa = PBXGroup;
			children = (
				FE40CA3024160B2700CDA486 /* main.cpp */,
				FE40CA3224160B2700CDA486 /* Resources */,
			);
			path = Breakout;
			sourceTree = "<group>";
		};
		FE40CA3224160B2700CDA486 /* Resources */ = {
			isa = PBXGroup;
			children = (
				FE40CA3324160B2700CDA486 /* cute_image.jpg */,
				FE40CA3424160B2700CDA486 /* nice_music.ogg */,
				FE40CA3524160B2700CDA486 /* sansation.ttf */,
				FE40CA3624160B2700CDA486 /* icon.png */,
			);
			path = Resources;
			sourceTree = "<group>";
		};
/* End PBXGroup section */

/* Begin PBXNativeTarget section */
		FE40CA2C24160B2700CDA486 /* Breakout */ = {
			isa = PBXNativeTarget;
			buildConfigurationList = FE40CA3924160B2700CDA486 /* Build configuration list for PBXNativeTarget "Breakout" */;
			buildPhases = (
				FE40CA2A24160B2700CDA486 /* Sources */,
				FE40CA2B24160B2700CDA486 /* Frameworks */,
			);
			buildRules = (
			);
			dependencies = (
			);
			name = Breakout;
			productName = Breakout;
			productReference = FE40CA2D24160B2700CDA486 /* Breakout */;
			productType = "com.apple.product-type.tool";
		};
/* End PBXNativeTarget section */

/* Begin PBXProject section */
		FE40CA2624160B2700CDA486 /* Project object */ = {
			isa = PBXProject;
			attributes = {
				LastUpgradeCheck = 1130;
				ORGANIZATIONNAME = "Haley Lai";
				TargetAttributes = {
					FE40CA2C24160B2700CDA486 = {
						CreatedOnToolsVersion = 11.3.1;
					};
				};
			};
			buildConfigurationList = FE40CA2924160B2700CDA486 /* Build configuration list for PBXProject "Breakout" */;
			compatibilityVersion = "Xcode 9.3";
			developmentRegion = en;
			hasScannedForEncodings = 0;
			knownRegions = (
				en,
				Base,
			);
			mainGroup = FE40CA2524160B2700CDA486;
			productRefGroup = FE40CA2E24160B2700CDA486 /* Products */;
			projectDirPath = "";
			projectRoot = "";
			targets = (
				FE40CA2C24160B2700CDA486 /* Breakout */,
			);
		};
/* End PBXProject section */

/* Begin PBXSourcesBuildPhase section */
		FE40CA2A24160B2700CDA486 /* Sources */ = {
			isa = PBXSourcesBuildPhase;
			buildActionMask = 2147483647;
			files = (
				FE40CA3124160B2700CDA486 /* main.cpp in Sources */,
			);
			runOnlyForDeploymentPostprocessing = 0;
		};
/* End PBXSourcesBuildPhase section */

/* Begin XCBuildConfiguration section */
		FE40CA3724160B2700CDA486 /* Debug */ = {
			isa = XCBuildConfiguration;
			buildSettings = {
				ARCHS = "$(NATIVE_ARCH_ACTUAL)";
				CLANG_CXX_LANGUAGE_STANDARD = "c++11";
				CLANG_CXX_LIBRARY = "libc++";
				FRAMEWORK_SEARCH_PATHS = (
					/Library/Frameworks/,
					"$(inherited)",
				);
				GCC_VERSION = com.apple.compilers.llvm.clang.1_0;
				HEADER_SEARCH_PATHS = (
					/usr/local/include/,
					"$(inherited)",
				);
				LIBRARY_SEARCH_PATHS = (
					/usr/local/lib/,
					"$(inherited)",
				);
				MACOSX_DEPLOYMENT_TARGET = 10.7;
				OTHER_LDFLAGS = (
					"$(inherited)",
					"$(SFML_SYSTEM)",
					"$(SFML_WINDOW)",
					"$(SFML_GRAPHICS)",
					"$(SFML_AUDIO)",
					"$(SFML_NETWORK)",
				);
				SFML_AUDIO = "";
				SFML_BINARY_TYPE = FRAMEWORKS;
				SFML_GRAPHICS = "$(SFML_LINK_PREFIX) sfml-graphics$(SFML_LINK_SUFFIX)";
				SFML_LINK_DYLIBS_PREFIX = "-l";
				SFML_LINK_DYLIBS_SUFFIX = "";
				SFML_LINK_FRAMEWORKS_PREFIX = "-framework";
				SFML_LINK_FRAMEWORKS_SUFFIX = "";
				SFML_LINK_PREFIX = "$(SFML_LINK_$(SFML_BINARY_TYPE)_PREFIX)";
				SFML_LINK_SUFFIX = "$(SFML_LINK_$(SFML_BINARY_TYPE)_SUFFIX)";
				SFML_NETWORK = "";
				SFML_SYSTEM = "$(SFML_LINK_PREFIX) sfml-system$(SFML_LINK_SUFFIX)";
				SFML_WINDOW = "$(SFML_LINK_PREFIX) sfml-window$(SFML_LINK_SUFFIX)";
				SUPPORTED_PLATFORMS = macosx;
			};
			name = Debug;
		};
		FE40CA3824160B2700CDA486 /* Release */ = {
			isa = XCBuildConfiguration;
			buildSettings = {
				ARCHS = "$(NATIVE_ARCH_ACTUAL)";
				CLANG_CXX_LANGUAGE_STANDARD = "c++11";
				CLANG_CXX_LIBRARY = "libc++";
				FRAMEWORK_SEARCH_PATHS = (
					/Library/Frameworks/,
					"$(inherited)",
				);
				GCC_VERSION = com.apple.compilers.llvm.clang.1_0;
				HEADER_SEARCH_PATHS = (
					/usr/local/include/,
					"$(inherited)",
				);
				LIBRARY_SEARCH_PATHS = (
					/usr/local/lib/,
					"$(inherited)",
				);
				MACOSX_DEPLOYMENT_TARGET = 10.7;
				OTHER_LDFLAGS = (
					"$(inherited)",
					"$(SFML_SYSTEM)",
					"$(SFML_WINDOW)",
					"$(SFML_GRAPHICS)",
					"$(SFML_AUDIO)",
					"$(SFML_NETWORK)",
				);
				SFML_AUDIO = "";
				SFML_BINARY_TYPE = FRAMEWORKS;
				SFML_GRAPHICS = "$(SFML_LINK_PREFIX) sfml-graphics$(SFML_LINK_SUFFIX)";
				SFML_LINK_DYLIBS_PREFIX = "-l";
				SFML_LINK_DYLIBS_SUFFIX = "";
				SFML_LINK_FRAMEWORKS_PREFIX = "-framework";
				SFML_LINK_FRAMEWORKS_SUFFIX = "";
				SFML_LINK_PREFIX = "$(SFML_LINK_$(SFML_BINARY_TYPE)_PREFIX)";
				SFML_LINK_SUFFIX = "$(SFML_LINK_$(SFML_BINARY_TYPE)_SUFFIX)";
				SFML_NETWORK = "";
				SFML_SYSTEM = "$(SFML_LINK_PREFIX) sfml-system$(SFML_LINK_SUFFIX)";
				SFML_WINDOW = "$(SFML_LINK_PREFIX) sfml-window$(SFML_LINK_SUFFIX)";
				SUPPORTED_PLATFORMS = macosx;
			};
			name = Release;
		};
		FE40CA3A24160B2700CDA486 /* Debug */ = {
			isa = XCBuildConfiguration;
			buildSettings = {
				CODE_SIGN_STYLE = Automatic;
				PRODUCT_NAME = "$(TARGET_NAME)";
			};
			name = Debug;
		};
		FE40CA3B24160B2700CDA486 /* Release */ = {
			isa = XCBuildConfiguration;
			buildSettings = {
				CODE_SIGN_STYLE = Automatic;
				PRODUCT_NAME = "$(TARGET_NAME)";
			};
			name = Release;
		};
/* End XCBuildConfiguration section */

/* Begin XCConfigurationList section */
		FE40CA2924160B2700CDA486 /* Build configuration list for PBXProject "Breakout" */ = {
			isa = XCConfigurationList;
			buildConfigurations = (
				FE40CA3724160B2700CDA486 /* Debug */,
				FE40CA3824160B2700CDA486 /* Release */,
			);
			defaultConfigurationIsVisible = 0;
			defaultConfigurationName = Release;
		};
		FE40CA3924160B2700CDA486 /* Build configuration list for PBXNativeTarget "Breakout" */ = {
			isa = XCConfigurationList;
			buildConfigurations = (
				FE40CA3A24160B2700CDA486 /* Debug */,
				FE40CA3B24160B2700CDA486 /* Release */,
			);
			defaultConfigurationIsVisible = 0;
			defaultConfigurationName = Release;
		};
/* End XCConfigurationList section */
	};
	rootObject = FE40CA2624160B2700CDA486 /* Project object */;
}
